
Microsoft Visual Studio Solution File, Format Version 12.00
# Visual Studio 15
VisualStudioVersion = 15.0.28307.168
MinimumVisualStudioVersion = 10.0.40219.1
Project("{FAE04EC0-301F-11D3-BF4B-00C04F79EFBC}") = "C0725030", "C0725030\C0725030.csproj", "{68483936-E813-4777-A20F-402C69DAA00F}"
EndProject
Global
	GlobalSection(SolutionConfigurationPlatforms) = preSolution
		Debug|Any CPU = Debug|Any CPU
		Release|Any CPU = Release|Any CPU
	EndGlobalSection
	GlobalSection(ProjectConfigurationPlatforms) = postSolution
		{68483936-E813-4777-A20F-402C69DAA00F}.Debug|Any CPU.ActiveCfg = Debug|Any CPU
		{68483936-E813-4777-A20F-402C69DAA00F}.Debug|Any CPU.Build.0 = Debug|Any CPU
		{68483936-E813-4777-A20F-402C69DAA00F}.Release|Any CPU.ActiveCfg = Release|Any CPU
		{68483936-E813-4777-A20F-402C69DAA00F}.Release|Any CPU.Build.0 = Release|Any CPU
	EndGlobalSection
	GlobalSection(SolutionProperties) = preSolution
		HideSolutionNode = FALSE
	EndGlobalSection
	GlobalSection(ExtensibilityGlobals) = postSolution
		SolutionGuid = {4246ED6D-3E18-40A3-9725-085AF70B714C}
	EndGlobalSection
EndGlobal
